
Microsoft Visual Studio Solution File, Format Version 12.00
# Visual Studio Version 16
VisualStudioVersion = 16.0.30011.22
MinimumVisualStudioVersion = 10.0.40219.1
Project("{9A19103F-16F7-4668-BE54-9A1E7A4F7556}") = "CommunicationDeviceSwitcherService", "CommunicationDeviceSwitcherService\CommunicationDeviceSwitcherService.csproj", "{8784C49B-8535-4B86-9C0C-F6D6DE18CB05}"
EndProject
Project("{54435603-DBB4-11D2-8724-00A0C9A8B90C}") = "CommunicationDeviceSwitcherInstaller", "CommunicationDeviceSwitcherInstaller\CommunicationDeviceSwitcherInstaller.vdproj", "{C1F6FCFB-8520-4364-8913-A6CAAD818AA6}"
EndProject
Global
	GlobalSection(SolutionConfigurationPlatforms) = preSolution
		Debug|Any CPU = Debug|Any CPU
		Release|Any CPU = Release|Any CPU
	EndGlobalSection
	GlobalSection(ProjectConfigurationPlatforms) = postSolution
		{8784C49B-8535-4B86-9C0C-F6D6DE18CB05}.Debug|Any CPU.ActiveCfg = Debug|Any CPU
		{8784C49B-8535-4B86-9C0C-F6D6DE18CB05}.Debug|Any CPU.Build.0 = Debug|Any CPU
		{8784C49B-8535-4B86-9C0C-F6D6DE18CB05}.Release|Any CPU.ActiveCfg = Release|Any CPU
		{8784C49B-8535-4B86-9C0C-F6D6DE18CB05}.Release|Any CPU.Build.0 = Release|Any CPU
		{C1F6FCFB-8520-4364-8913-A6CAAD818AA6}.Debug|Any CPU.ActiveCfg = Debug
		{C1F6FCFB-8520-4364-8913-A6CAAD818AA6}.Release|Any CPU.ActiveCfg = Release
	EndGlobalSection
	GlobalSection(SolutionProperties) = preSolution
		HideSolutionNode = FALSE
	EndGlobalSection
	GlobalSection(ExtensibilityGlobals) = postSolution
		SolutionGuid = {2FD6368D-1074-4E83-A2EA-DAB689FE5C28}
	EndGlobalSection
EndGlobal
